
Microsoft Visual Studio Solution File, Format Version 12.00
# Visual Studio Version 17
VisualStudioVersion = 17.14.36301.6 d17.14
MinimumVisualStudioVersion = 10.0.40219.1
Project("{FAE04EC0-301F-11D3-BF4B-00C04F79EFBC}") = "library management", "library management\library management.csproj", "{3C2D588D-87B1-43D6-A73D-536D84AB6795}"
EndProject
Global
	GlobalSection(SolutionConfigurationPlatforms) = preSolution
		Debug|Any CPU = Debug|Any CPU
		Release|Any CPU = Release|Any CPU
	EndGlobalSection
	GlobalSection(ProjectConfigurationPlatforms) = postSolution
		{3C2D588D-87B1-43D6-A73D-536D84AB6795}.Debug|Any CPU.ActiveCfg = Debug|Any CPU
		{3C2D588D-87B1-43D6-A73D-536D84AB6795}.Debug|Any CPU.Build.0 = Debug|Any CPU
		{3C2D588D-87B1-43D6-A73D-536D84AB6795}.Release|Any CPU.ActiveCfg = Release|Any CPU
		{3C2D588D-87B1-43D6-A73D-536D84AB6795}.Release|Any CPU.Build.0 = Release|Any CPU
	EndGlobalSection
	GlobalSection(SolutionProperties) = preSolution
		HideSolutionNode = FALSE
	EndGlobalSection
	GlobalSection(ExtensibilityGlobals) = postSolution
		SolutionGuid = {1DB207C6-3B55-4D3A-9EAA-1B5A00C20F4E}
	EndGlobalSection
EndGlobal
